
Microsoft Visual Studio Solution File, Format Version 12.00
# Visual Studio Version 17
VisualStudioVersion = 17.7.34202.233
MinimumVisualStudioVersion = 10.0.40219.1
Project("{FAE04EC0-301F-11D3-BF4B-00C04F79EFBC}") = "Backend", "Backend.csproj", "{1F395DA6-1306-495A-A3B3-57FE80DC58D8}"
EndProject
Global
	GlobalSection(SolutionConfigurationPlatforms) = preSolution
		Debug|Any CPU = Debug|Any CPU
		Release|Any CPU = Release|Any CPU
	EndGlobalSection
	GlobalSection(ProjectConfigurationPlatforms) = postSolution
		{1F395DA6-1306-495A-A3B3-57FE80DC58D8}.Debug|Any CPU.ActiveCfg = Debug|Any CPU
		{1F395DA6-1306-495A-A3B3-57FE80DC58D8}.Debug|Any CPU.Build.0 = Debug|Any CPU
		{1F395DA6-1306-495A-A3B3-57FE80DC58D8}.Release|Any CPU.ActiveCfg = Release|Any CPU
		{1F395DA6-1306-495A-A3B3-57FE80DC58D8}.Release|Any CPU.Build.0 = Release|Any CPU
	EndGlobalSection
	GlobalSection(SolutionProperties) = preSolution
		HideSolutionNode = FALSE
	EndGlobalSection
	GlobalSection(ExtensibilityGlobals) = postSolution
		SolutionGuid = {815A0C6B-D700-4C0B-AB18-278B52F08D6A}
	EndGlobalSection
EndGlobal
